
Microsoft Visual Studio Solution File, Format Version 12.00
# Visual Studio Version 17
VisualStudioVersion = 17.2.32630.192
MinimumVisualStudioVersion = 10.0.40219.1
Project("{8BC9CEB8-8B4A-11D0-8D11-00A0C91BC942}") = "CertUiExts", "src\CertUiExts\CertUiExts.vcxproj", "{93E44448-FE8D-45C0-AFCE-907138D08D81}"
	ProjectSection(ProjectDependencies) = postProject
		{CEE62EE6-E539-41D2-9516-4A92D250AED0} = {CEE62EE6-E539-41D2-9516-4A92D250AED0}
	EndProjectSection
EndProject
Project("{8BC9CEB8-8B4A-11D0-8D11-00A0C91BC942}") = "CertUiExtsReg", "src\CertUiExtsReg\CertUiExtsReg.vcxproj", "{CEE62EE6-E539-41D2-9516-4A92D250AED0}"
EndProject
Project("{2150E333-8FDC-42A3-9474-1A3956D46DE8}") = "Solution Items", "Solution Items", "{2B85C80B-98D6-4CD5-B076-72D1C11A68DF}"
	ProjectSection(SolutionItems) = preProject
		src\Common\BaseVersionInfo.h = src\Common\BaseVersionInfo.h
		src\Common\Shared.h = src\Common\Shared.h
		src\Common\VersionInfo.rc2 = src\Common\VersionInfo.rc2
	EndProjectSection
EndProject
Global
	GlobalSection(SolutionConfigurationPlatforms) = preSolution
		Debug|x64 = Debug|x64
		Debug|x86 = Debug|x86
		Release|x64 = Release|x64
		Release|x86 = Release|x86
	EndGlobalSection
	GlobalSection(ProjectConfigurationPlatforms) = postSolution
		{93E44448-FE8D-45C0-AFCE-907138D08D81}.Debug|x64.ActiveCfg = Debug|x64
		{93E44448-FE8D-45C0-AFCE-907138D08D81}.Debug|x64.Build.0 = Debug|x64
		{93E44448-FE8D-45C0-AFCE-907138D08D81}.Debug|x64.Deploy.0 = Debug|x64
		{93E44448-FE8D-45C0-AFCE-907138D08D81}.Debug|x86.ActiveCfg = Debug|Win32
		{93E44448-FE8D-45C0-AFCE-907138D08D81}.Debug|x86.Build.0 = Debug|Win32
		{93E44448-FE8D-45C0-AFCE-907138D08D81}.Release|x64.ActiveCfg = Release|x64
		{93E44448-FE8D-45C0-AFCE-907138D08D81}.Release|x64.Build.0 = Release|x64
		{93E44448-FE8D-45C0-AFCE-907138D08D81}.Release|x86.ActiveCfg = Release|Win32
		{93E44448-FE8D-45C0-AFCE-907138D08D81}.Release|x86.Build.0 = Release|Win32
		{CEE62EE6-E539-41D2-9516-4A92D250AED0}.Debug|x64.ActiveCfg = Debug|x64
		{CEE62EE6-E539-41D2-9516-4A92D250AED0}.Debug|x64.Build.0 = Debug|x64
		{CEE62EE6-E539-41D2-9516-4A92D250AED0}.Debug|x64.Deploy.0 = Debug|x64
		{CEE62EE6-E539-41D2-9516-4A92D250AED0}.Debug|x86.ActiveCfg = Debug|Win32
		{CEE62EE6-E539-41D2-9516-4A92D250AED0}.Debug|x86.Build.0 = Debug|Win32
		{CEE62EE6-E539-41D2-9516-4A92D250AED0}.Release|x64.ActiveCfg = Release|x64
		{CEE62EE6-E539-41D2-9516-4A92D250AED0}.Release|x64.Build.0 = Release|x64
		{CEE62EE6-E539-41D2-9516-4A92D250AED0}.Release|x86.ActiveCfg = Release|Win32
		{CEE62EE6-E539-41D2-9516-4A92D250AED0}.Release|x86.Build.0 = Release|Win32
	EndGlobalSection
	GlobalSection(SolutionProperties) = preSolution
		HideSolutionNode = FALSE
	EndGlobalSection
	GlobalSection(ExtensibilityGlobals) = postSolution
		SolutionGuid = {6ADACB28-1E2A-462B-9B2E-7D0772AEBEDA}
	EndGlobalSection
EndGlobal
